
Microsoft Visual Studio Solution File, Format Version 12.00
# Visual Studio Version 17
VisualStudioVersion = 17.8.34525.116
MinimumVisualStudioVersion = 10.0.40219.1
Project("{FAE04EC0-301F-11D3-BF4B-00C04F79EFBC}") = "ImageRecognitionApp", "ImageRecognitionApp.csproj", "{EB429AD7-034E-44CA-A1D8-06F682A4C248}"
EndProject
Global
	GlobalSection(SolutionConfigurationPlatforms) = preSolution
		Debug|Any CPU = Debug|Any CPU
		Release|Any CPU = Release|Any CPU
	EndGlobalSection
	GlobalSection(ProjectConfigurationPlatforms) = postSolution
		{EB429AD7-034E-44CA-A1D8-06F682A4C248}.Debug|Any CPU.ActiveCfg = Debug|Any CPU
		{EB429AD7-034E-44CA-A1D8-06F682A4C248}.Debug|Any CPU.Build.0 = Debug|Any CPU
		{EB429AD7-034E-44CA-A1D8-06F682A4C248}.Release|Any CPU.ActiveCfg = Release|Any CPU
		{EB429AD7-034E-44CA-A1D8-06F682A4C248}.Release|Any CPU.Build.0 = Release|Any CPU
	EndGlobalSection
	GlobalSection(SolutionProperties) = preSolution
		HideSolutionNode = FALSE
	EndGlobalSection
	GlobalSection(ExtensibilityGlobals) = postSolution
		SolutionGuid = {D4127D20-67C6-4212-AECB-A363AB95E552}
	EndGlobalSection
EndGlobal
